
Microsoft Visual Studio Solution File, Format Version 12.00
# Visual Studio Version 17
VisualStudioVersion = 17.0.31903.59
MinimumVisualStudioVersion = 10.0.40219.1
Project("{2150E333-8FDC-42A3-9474-1A3956D46DE8}") = "Gateway", "Gateway", "{CEE62114-D536-4DDB-ADA0-86F3E8C86A84}"
EndProject
Project("{FAE04EC0-301F-11D3-BF4B-00C04F79EFBC}") = "GatewayApi", "Gateway\GatewayApi\GatewayApi.csproj", "{916C91C8-7478-491A-98A0-8B9B3189610C}"
EndProject
Global
	GlobalSection(SolutionConfigurationPlatforms) = preSolution
		Debug|Any CPU = Debug|Any CPU
		Release|Any CPU = Release|Any CPU
	EndGlobalSection
	GlobalSection(SolutionProperties) = preSolution
		HideSolutionNode = FALSE
	EndGlobalSection
	GlobalSection(ProjectConfigurationPlatforms) = postSolution
		{916C91C8-7478-491A-98A0-8B9B3189610C}.Debug|Any CPU.ActiveCfg = Debug|Any CPU
		{916C91C8-7478-491A-98A0-8B9B3189610C}.Debug|Any CPU.Build.0 = Debug|Any CPU
		{916C91C8-7478-491A-98A0-8B9B3189610C}.Release|Any CPU.ActiveCfg = Release|Any CPU
		{916C91C8-7478-491A-98A0-8B9B3189610C}.Release|Any CPU.Build.0 = Release|Any CPU
	EndGlobalSection
	GlobalSection(NestedProjects) = preSolution
		{916C91C8-7478-491A-98A0-8B9B3189610C} = {CEE62114-D536-4DDB-ADA0-86F3E8C86A84}
	EndGlobalSection
EndGlobal
